{
  "name": "calculator-test",
  "lockfileVersion": 3,
  "requires": true,
  "packages": {
    "": {
      "dependencies": {
        "ayesha_calculator": "^1.0.0"
      }
    },
    "node_modules/ayesha_calculator": {
      "version": "1.0.0",
      "resolved": "https://registry.npmjs.org/ayesha_calculator/-/ayesha_calculator-1.0.0.tgz",
      "integrity": "sha512-9kzqhqLZv0U5UUAa9/pL69ogtEe2gAnGfd5v8fmlI1gRmRLVQgf4WmlwzUwdf8hdHDE8ZML6Z4rQx54BZFHA2g==",
      "license": "ISC"
    }
  }
}
